PODS:
  - AriaSwiftyChain (0.0.6):
    - "NSObject+Rx"
    - RxCocoa
    - RxDataSources
    - RxSwift
    - SnapKit
  - AriaVideoControlLayer (0.0.3):
    - AriaSwiftyChain
    - "NSObject+Rx"
    - RxCocoa
    - RxDataSources
    - RxSwift
    - SJUIKit
    - SJVideoPlayer
    - SnapKit
    - Then
  - Differentiator (4.0.1)
  - Masonry (1.1.0)
  - MJRefresh (3.2.3)
  - "NSObject+Rx (5.0.2)":
    - RxSwift (~> 5.0)
  - Reachability (3.2)
  - RxCocoa (5.0.1):
    - RxRelay (~> 5)
    - RxSwift (~> 5)
  - RxDataSources (4.0.1):
    - Differentiator (~> 4.0)
    - RxCocoa (~> 5.0)
    - RxSwift (~> 5.0)
  - RxRelay (5.0.1):
    - RxSwift (~> 5)
  - RxSwift (5.0.1)
  - SJBaseVideoPlayer (3.1.5):
    - Masonry
    - Reachability
    - SJBaseVideoPlayer/AVPlayer (= 3.1.5)
    - SJBaseVideoPlayer/Common (= 3.1.5)
    - SJUIKit/AttributesFactory (>= 0.0.0.38)
    - SJUIKit/ObserverHelper (>= 0.0.0.38)
    - SJUIKit/Queues (>= 0.0.0.38)
  - SJBaseVideoPlayer/AVPlayer (3.1.5):
    - Masonry
    - Reachability
    - SJBaseVideoPlayer/Common
    - SJUIKit/AttributesFactory (>= 0.0.0.38)
    - SJUIKit/ObserverHelper (>= 0.0.0.38)
    - SJUIKit/Queues (>= 0.0.0.38)
  - SJBaseVideoPlayer/Common (3.1.5):
    - Masonry
    - Reachability
    - SJBaseVideoPlayer/ResourceLoader
    - SJUIKit/AttributesFactory (>= 0.0.0.38)
    - SJUIKit/ObserverHelper (>= 0.0.0.38)
    - SJUIKit/Queues (>= 0.0.0.38)
  - SJBaseVideoPlayer/ResourceLoader (3.1.5):
    - Masonry
    - Reachability
    - SJUIKit/AttributesFactory (>= 0.0.0.38)
    - SJUIKit/ObserverHelper (>= 0.0.0.38)
    - SJUIKit/Queues (>= 0.0.0.38)
  - SJUIKit (0.0.0.39):
    - SJUIKit/AsyncLoad (= 0.0.0.39)
    - SJUIKit/AttributesFactory (= 0.0.0.39)
    - SJUIKit/Base (= 0.0.0.39)
    - SJUIKit/CornerMask (= 0.0.0.39)
    - SJUIKit/Date (= 0.0.0.39)
    - SJUIKit/ObserverHelper (= 0.0.0.39)
    - SJUIKit/Other (= 0.0.0.39)
    - SJUIKit/Photo (= 0.0.0.39)
    - SJUIKit/Queues (= 0.0.0.39)
    - SJUIKit/Refresh (= 0.0.0.39)
    - SJUIKit/SQLite3 (= 0.0.0.39)
    - SJUIKit/Thread (= 0.0.0.39)
    - SJUIKit/UIMaker (= 0.0.0.39)
  - SJUIKit/AsyncLoad (0.0.0.39):
    - SJUIKit/CornerMask
  - SJUIKit/AttributesFactory (0.0.0.39):
    - SJUIKit/AttributesFactory/Deprecated (= 0.0.0.39)
    - SJUIKit/AttributesFactory/UIKitText (= 0.0.0.39)
  - SJUIKit/AttributesFactory/Deprecated (0.0.0.39)
  - SJUIKit/AttributesFactory/UIKitText (0.0.0.39)
  - SJUIKit/Base (0.0.0.39):
    - SJUIKit/Base/Core (= 0.0.0.39)
    - SJUIKit/ObserverHelper
  - SJUIKit/Base/Core (0.0.0.39):
    - SJUIKit/ObserverHelper
  - SJUIKit/CornerMask (0.0.0.39):
    - SJUIKit/ObserverHelper
  - SJUIKit/Date (0.0.0.39)
  - SJUIKit/ObserverHelper (0.0.0.39)
  - SJUIKit/Other (0.0.0.39):
    - SJUIKit/Date
  - SJUIKit/Photo (0.0.0.39)
  - SJUIKit/Queues (0.0.0.39)
  - SJUIKit/Refresh (0.0.0.39):
    - MJRefresh
  - SJUIKit/SQLite3 (0.0.0.39):
    - SJUIKit/SQLite3/Core (= 0.0.0.39)
    - SJUIKit/SQLite3/Protocol (= 0.0.0.39)
  - SJUIKit/SQLite3/Core (0.0.0.39):
    - SJUIKit/SQLite3/Protocol
  - SJUIKit/SQLite3/Protocol (0.0.0.39)
  - SJUIKit/Thread (0.0.0.39)
  - SJUIKit/UIMaker (0.0.0.39):
    - SJUIKit/UIMaker/Core (= 0.0.0.39)
  - SJUIKit/UIMaker/Core (0.0.0.39)
  - SJVideoPlayer (3.0.9):
    - Masonry
    - SJBaseVideoPlayer (>= 3.1.4)
    - SJUIKit/AttributesFactory
    - SJVideoPlayer/Adapters (= 3.0.9)
    - SJVideoPlayer/Common (= 3.0.9)
    - SJVideoPlayer/Settings (= 3.0.9)
    - SJVideoPlayer/SJEdgeControlLayer (= 3.0.9)
    - SJVideoPlayer/SJFilmEditingControlLayer (= 3.0.9)
    - SJVideoPlayer/SJFloatSmallViewControlLayer (= 3.0.9)
    - SJVideoPlayer/SJLoadFailedControlLayer (= 3.0.9)
    - SJVideoPlayer/SJMoreSettingControlLayer (= 3.0.9)
    - SJVideoPlayer/SJNotReachableControlLayer (= 3.0.9)
    - SJVideoPlayer/SJProgressSlider (= 3.0.9)
    - SJVideoPlayer/SJSwitchVideoDefinitionControlLayer (= 3.0.9)
    - SJVideoPlayer/Switcher (= 3.0.9)
  - SJVideoPlayer/Adapters (3.0.9):
    - Masonry
    - SJBaseVideoPlayer (>= 3.1.4)
    - SJUIKit/AttributesFactory
    - SJVideoPlayer/Common
  - SJVideoPlayer/Common (3.0.9):
    - Masonry
    - SJBaseVideoPlayer (>= 3.1.4)
    - SJUIKit/AttributesFactory
  - SJVideoPlayer/Settings (3.0.9):
    - Masonry
    - SJBaseVideoPlayer (>= 3.1.4)
    - SJUIKit/AttributesFactory
    - SJVideoPlayer/SJEdgeControlLayer/ResourceLoader
    - SJVideoPlayer/SJFilmEditingControlLayer/ResourceLoader
    - SJVideoPlayer/SJFloatSmallViewControlLayer/ResourceLoader
  - SJVideoPlayer/SJEdgeControlLayer (3.0.9):
    - Masonry
    - SJBaseVideoPlayer (>= 3.1.4)
    - SJUIKit/AttributesFactory
    - SJVideoPlayer/Adapters
    - SJVideoPlayer/Common
    - SJVideoPlayer/SJEdgeControlLayer/Defines (= 3.0.9)
    - SJVideoPlayer/SJEdgeControlLayer/ResourceLoader (= 3.0.9)
    - SJVideoPlayer/SJEdgeControlLayer/View (= 3.0.9)
    - SJVideoPlayer/SJProgressSlider
    - SJVideoPlayer/Switcher
  - SJVideoPlayer/SJEdgeControlLayer/Defines (3.0.9):
    - Masonry
    - SJBaseVideoPlayer (>= 3.1.4)
    - SJUIKit/AttributesFactory
    - SJVideoPlayer/Adapters
    - SJVideoPlayer/Common
    - SJVideoPlayer/SJProgressSlider
    - SJVideoPlayer/Switcher
  - SJVideoPlayer/SJEdgeControlLayer/ResourceLoader (3.0.9):
    - Masonry
    - SJBaseVideoPlayer (>= 3.1.4)
    - SJUIKit/AttributesFactory
    - SJVideoPlayer/Adapters
    - SJVideoPlayer/Common
    - SJVideoPlayer/SJProgressSlider
    - SJVideoPlayer/Switcher
  - SJVideoPlayer/SJEdgeControlLayer/View (3.0.9):
    - Masonry
    - SJBaseVideoPlayer (>= 3.1.4)
    - SJUIKit/AttributesFactory
    - SJVideoPlayer/Adapters
    - SJVideoPlayer/Common
    - SJVideoPlayer/SJEdgeControlLayer/Defines
    - SJVideoPlayer/SJEdgeControlLayer/ResourceLoader
    - SJVideoPlayer/SJProgressSlider
    - SJVideoPlayer/Switcher
  - SJVideoPlayer/SJFilmEditingControlLayer (3.0.9):
    - Masonry
    - SJBaseVideoPlayer (>= 3.1.4)
    - SJUIKit/AttributesFactory
    - SJVideoPlayer/Adapters
    - SJVideoPlayer/SJFilmEditingControlLayer/Core (= 3.0.9)
    - SJVideoPlayer/SJFilmEditingControlLayer/ResourceLoader (= 3.0.9)
    - SJVideoPlayer/SJProgressSlider
    - SJVideoPlayer/Switcher
  - SJVideoPlayer/SJFilmEditingControlLayer/Core (3.0.9):
    - Masonry
    - SJBaseVideoPlayer (>= 3.1.4)
    - SJUIKit/AttributesFactory
    - SJVideoPlayer/Adapters
    - SJVideoPlayer/SJFilmEditingControlLayer/ResourceLoader
    - SJVideoPlayer/SJProgressSlider
    - SJVideoPlayer/Switcher
  - SJVideoPlayer/SJFilmEditingControlLayer/ResourceLoader (3.0.9):
    - Masonry
    - SJBaseVideoPlayer (>= 3.1.4)
    - SJUIKit/AttributesFactory
    - SJVideoPlayer/Adapters
    - SJVideoPlayer/SJProgressSlider
    - SJVideoPlayer/Switcher
  - SJVideoPlayer/SJFloatSmallViewControlLayer (3.0.9):
    - Masonry
    - SJBaseVideoPlayer (>= 3.1.4)
    - SJUIKit/AttributesFactory
    - SJVideoPlayer/Adapters
    - SJVideoPlayer/Common
    - SJVideoPlayer/SJFloatSmallViewControlLayer/ResourceLoader (= 3.0.9)
    - SJVideoPlayer/Switcher
  - SJVideoPlayer/SJFloatSmallViewControlLayer/ResourceLoader (3.0.9):
    - Masonry
    - SJBaseVideoPlayer (>= 3.1.4)
    - SJUIKit/AttributesFactory
    - SJVideoPlayer/Adapters
    - SJVideoPlayer/Common
    - SJVideoPlayer/Switcher
  - SJVideoPlayer/SJLoadFailedControlLayer (3.0.9):
    - Masonry
    - SJBaseVideoPlayer (>= 3.1.4)
    - SJUIKit/AttributesFactory
    - SJVideoPlayer/SJNotReachableControlLayer
  - SJVideoPlayer/SJMoreSettingControlLayer (3.0.9):
    - Masonry
    - SJBaseVideoPlayer (>= 3.1.4)
    - SJUIKit/AttributesFactory
    - SJVideoPlayer/SJEdgeControlLayer
  - SJVideoPlayer/SJNotReachableControlLayer (3.0.9):
    - Masonry
    - SJBaseVideoPlayer (>= 3.1.4)
    - SJUIKit/AttributesFactory
    - SJVideoPlayer/SJEdgeControlLayer
  - SJVideoPlayer/SJProgressSlider (3.0.9):
    - Masonry
    - SJBaseVideoPlayer (>= 3.1.4)
    - SJUIKit/AttributesFactory
  - SJVideoPlayer/SJSwitchVideoDefinitionControlLayer (3.0.9):
    - Masonry
    - SJBaseVideoPlayer (>= 3.1.4)
    - SJUIKit/AttributesFactory
    - SJVideoPlayer/Adapters
    - SJVideoPlayer/Common
    - SJVideoPlayer/Switcher
  - SJVideoPlayer/Switcher (3.0.9):
    - Masonry
    - SJBaseVideoPlayer (>= 3.1.4)
    - SJUIKit/AttributesFactory
  - SnapKit (5.0.1)
  - Then (2.6.0)

DEPENDENCIES:
  - AriaVideoControlLayer (from `../`)

SPEC REPOS:
  trunk:
    - AriaSwiftyChain
    - Differentiator
    - Masonry
    - MJRefresh
    - "NSObject+Rx"
    - Reachability
    - RxCocoa
    - RxDataSources
    - RxRelay
    - RxSwift
    - SJBaseVideoPlayer
    - SJUIKit
    - SJVideoPlayer
    - SnapKit
    - Then

EXTERNAL SOURCES:
  AriaVideoControlLayer:
    :path: "../"

SPEC CHECKSUMS:
  AriaSwiftyChain: fc30383b15a657569ca9af4771c2f8767ce998d1
  AriaVideoControlLayer: 4275c507bfa2b8469ffa62f0a135555edf9fe8a2
  Differentiator: 886080237d9f87f322641dedbc5be257061b0602
  Masonry: 678fab65091a9290e40e2832a55e7ab731aad201
  MJRefresh: 2b1214a2dc8f4df4c5dcb028ea2ad4e245425fb7
  "NSObject+Rx": 2eb2cf51fd1c554118449a7fbc36e4cd620b9e94
  Reachability: 33e18b67625424e47b6cde6d202dce689ad7af96
  RxCocoa: e741b9749968e8a143e2b787f1dfbff2b63d0a5c
  RxDataSources: efee07fa4de48477eca0a4611e6d11e2da9c1114
  RxRelay: 89d54507f4fd4d969e6ec1d4bd7f3673640b4640
  RxSwift: e2dc62b366a3adf6a0be44ba9f405efd4c94e0c4
  SJBaseVideoPlayer: 63eebe704af01346ce9c5f6be9f1ace4bf86b5ba
  SJUIKit: 5479a150083e606937a796801ecaae6317e046f5
  SJVideoPlayer: 1669bc6a45a93c51a5f9aae0402c65c6022e5c54
  SnapKit: 97b92857e3df3a0c71833cce143274bf6ef8e5eb
  Then: 90cd104fd951cec1980a03f57704ad8f784d4d79

PODFILE CHECKSUM: 162965c6ffa8d1be09ae9b419bc2f3f40ca2f888

COCOAPODS: 1.8.4
